{
	"name": "@bcase/core",
	"version": "0.0.33",
	"lockfileVersion": 1,
	"requires": true,
	"dependencies": {
		"@fortawesome/fontawesome-common-types": {
			"version": "0.2.26",
			"resolved": "https://npm.fontawesome.com/@fortawesome/fontawesome-common-types/-/0.2.26/fontawesome-common-types-0.2.26.tgz",
			"integrity": "sha512-CcM/fIFwZlRdiWG/25xE/wHbtyUuCtqoCTrr6BsWw7hH072fR++n4L56KPydAr3ANgMJMjT8v83ZFIsDc7kE+A==",
			"dev": true
		},
		"@fortawesome/fontawesome-svg-core": {
			"version": "1.2.26",
			"resolved": "https://npm.fontawesome.com/@fortawesome/fontawesome-svg-core/-/1.2.26/fontawesome-svg-core-1.2.26.tgz",
			"integrity": "sha512-3Dfd/v2IztP1TxKOxZiB5+4kaOZK9mNy0KU1vVK7nFlPWz3gzxrCWB+AloQhQUoJ8HhGqbzjliK89Vl7PExGbw==",
			"dev": true,
			"requires": {
				"@fortawesome/fontawesome-common-types": "^0.2.26"
			}
		},
		"@fortawesome/free-regular-svg-icons": {
			"version": "5.12.0",
			"resolved": "https://npm.fontawesome.com/@fortawesome/free-regular-svg-icons/-/5.12.0/free-regular-svg-icons-5.12.0.tgz",
			"integrity": "sha512-FAvpmylTs0PosHwHrWPQX6/7ODc9M11kCE6AOAujFufDYzqTj2cPHT4yJO7zTEkKdAbbusJzbWpnOboMuyjeQA==",
			"dev": true,
			"requires": {
				"@fortawesome/fontawesome-common-types": "^0.2.26"
			}
		},
		"@fortawesome/free-solid-svg-icons": {
			"version": "5.12.0",
			"resolved": "https://npm.fontawesome.com/@fortawesome/free-solid-svg-icons/-/5.12.0/free-solid-svg-icons-5.12.0.tgz",
			"integrity": "sha512-CnpsWs6GhTs9ekNB3d8rcO5HYqRkXbYKf2YNiAlTWbj5eVlPqsd/XH1F9If8jkcR1aegryAbln/qYeKVZzpM0g==",
			"dev": true,
			"requires": {
				"@fortawesome/fontawesome-common-types": "^0.2.26"
			}
		},
		"@stencil/core": {
			"version": "1.8.8",
			"resolved": "https://registry.npmjs.org/@stencil/core/-/core-1.8.8.tgz",
			"integrity": "sha512-ATru3WAQxWsc+Z2ji5l0wc28yyirgRB25AmZTLSnWeRUn388AkY2tn2Dderz+c7Rnsd9kpAdln6tsv0/KuQLkQ==",
			"dev": true,
			"requires": {
				"typescript": "3.7.5"
			},
			"dependencies": {
				"typescript": {
					"version": "3.7.5",
					"resolved": "https://registry.npmjs.org/typescript/-/typescript-3.7.5.tgz",
					"integrity": "sha512-/P5lkRXkWHNAbcJIiHPfRoKqyd7bsyCma1hZNUGfn20qm64T6ZBlrzprymeu918H+mB/0rIg2gGK/BXkhhYgBw==",
					"dev": true
				}
			}
		},
		"@stencil/react-output-target": {
			"version": "0.0.3",
			"resolved": "https://registry.npmjs.org/@stencil/react-output-target/-/react-output-target-0.0.3.tgz",
			"integrity": "sha512-OjvDi7gd2OUgj8aF4iSVCt68e+38zxtpCoG/8R4b984IlaiL6QUFMc+pBbGYsyMC0Wd13oXRHZze0KYiL+l0GA==",
			"dev": true
		},
		"@stencil/sass": {
			"version": "1.1.1",
			"resolved": "https://registry.npmjs.org/@stencil/sass/-/sass-1.1.1.tgz",
			"integrity": "sha512-Nny3JiFkpQa0RdXWCa4pzhKQYnHuDNzC9c4w35FcaZHXBVuZ1UHSHc7wI7By9SS1auYcySqpPOBVzgoCqXcYVQ==",
			"dev": true
		},
		"@types/prismjs": {
			"version": "1.16.0",
			"resolved": "https://registry.npmjs.org/@types/prismjs/-/prismjs-1.16.0.tgz",
			"integrity": "sha512-mEyuziLrfDCQ4juQP1k706BUU/c8OGn/ZFl69AXXY6dStHClKX4P+N8+rhqpul1vRDA2VOygzMRSJJZHyDEOfw==",
			"dev": true
		},
		"balanced-match": {
			"version": "1.0.0",
			"resolved": "https://registry.npmjs.org/balanced-match/-/balanced-match-1.0.0.tgz",
			"integrity": "sha1-ibTRmasr7kneFk6gK4nORi1xt2c=",
			"dev": true
		},
		"brace-expansion": {
			"version": "1.1.11",
			"resolved": "https://registry.npmjs.org/brace-expansion/-/brace-expansion-1.1.11.tgz",
			"integrity": "sha512-iCuPHDFgrHX7H2vEI/5xpz07zSHB00TpugqhmYtVmMO6518mCuRMoOYFldEBl0g187ufozdaHgWKcYFb61qGiA==",
			"dev": true,
			"requires": {
				"balanced-match": "^1.0.0",
				"concat-map": "0.0.1"
			}
		},
		"clipboard": {
			"version": "2.0.4",
			"resolved": "https://registry.npmjs.org/clipboard/-/clipboard-2.0.4.tgz",
			"integrity": "sha512-Vw26VSLRpJfBofiVaFb/I8PVfdI1OxKcYShe6fm0sP/DtmiWQNCjhM/okTvdCo0G+lMMm1rMYbk4IK4x1X+kgQ==",
			"dev": true,
			"optional": true,
			"requires": {
				"good-listener": "^1.2.2",
				"select": "^1.1.2",
				"tiny-emitter": "^2.0.0"
			}
		},
		"codeflask": {
			"version": "1.4.1",
			"resolved": "https://registry.npmjs.org/codeflask/-/codeflask-1.4.1.tgz",
			"integrity": "sha512-4vb2IbE/iwvP0Uubhd2ixVeysm3KNC2pl7SoDaisxq1juhZzvap3qbaX7B2CtpQVvv5V9sjcQK8hO0eTcY0V9Q==",
			"dev": true,
			"requires": {
				"@types/prismjs": "^1.9.1",
				"prismjs": "^1.14.0"
			}
		},
		"concat-map": {
			"version": "0.0.1",
			"resolved": "https://registry.npmjs.org/concat-map/-/concat-map-0.0.1.tgz",
			"integrity": "sha1-2Klr13/Wjfd5OnMDajug1UBdR3s=",
			"dev": true
		},
		"delegate": {
			"version": "3.2.0",
			"resolved": "https://registry.npmjs.org/delegate/-/delegate-3.2.0.tgz",
			"integrity": "sha512-IofjkYBZaZivn0V8nnsMJGBr4jVLxHDheKSW88PyxS5QC4Vo9ZbZVvhzlSxY87fVq3STR6r+4cGepyHkcWOQSw==",
			"dev": true,
			"optional": true
		},
		"fs.realpath": {
			"version": "1.0.0",
			"resolved": "https://registry.npmjs.org/fs.realpath/-/fs.realpath-1.0.0.tgz",
			"integrity": "sha1-FQStJSMVjKpA20onh8sBQRmU6k8=",
			"dev": true
		},
		"glob": {
			"version": "7.1.6",
			"resolved": "https://registry.npmjs.org/glob/-/glob-7.1.6.tgz",
			"integrity": "sha512-LwaxwyZ72Lk7vZINtNNrywX0ZuLyStrdDtabefZKAY5ZGJhVtgdznluResxNmPitE0SAO+O26sWTHeKSI2wMBA==",
			"dev": true,
			"requires": {
				"fs.realpath": "^1.0.0",
				"inflight": "^1.0.4",
				"inherits": "2",
				"minimatch": "^3.0.4",
				"once": "^1.3.0",
				"path-is-absolute": "^1.0.0"
			}
		},
		"good-listener": {
			"version": "1.2.2",
			"resolved": "https://registry.npmjs.org/good-listener/-/good-listener-1.2.2.tgz",
			"integrity": "sha1-1TswzfkxPf+33JoNR3CWqm0UXFA=",
			"dev": true,
			"optional": true,
			"requires": {
				"delegate": "^3.1.2"
			}
		},
		"inflight": {
			"version": "1.0.6",
			"resolved": "https://registry.npmjs.org/inflight/-/inflight-1.0.6.tgz",
			"integrity": "sha1-Sb1jMdfQLQwJvJEKEHW6gWW1bfk=",
			"dev": true,
			"requires": {
				"once": "^1.3.0",
				"wrappy": "1"
			}
		},
		"inherits": {
			"version": "2.0.4",
			"resolved": "https://registry.npmjs.org/inherits/-/inherits-2.0.4.tgz",
			"integrity": "sha512-k/vGaX4/Yla3WzyMCvTQOXYeIHvqOKtnqBduzTHpzpQZzAskKMhZ2K+EnBiSM9zGSoIFeMpXKxa4dYeZIQqewQ==",
			"dev": true
		},
		"minimatch": {
			"version": "3.0.4",
			"resolved": "https://registry.npmjs.org/minimatch/-/minimatch-3.0.4.tgz",
			"integrity": "sha512-yJHVQEhyqPLUTgt9B83PXu6W3rx4MvvHvSUvToogpwoGDOUQ+yDrR0HRot+yOCdCO7u4hX3pWft6kWBBcqh0UA==",
			"dev": true,
			"requires": {
				"brace-expansion": "^1.1.7"
			}
		},
		"once": {
			"version": "1.4.0",
			"resolved": "https://registry.npmjs.org/once/-/once-1.4.0.tgz",
			"integrity": "sha1-WDsap3WWHUsROsF9nFC6753Xa9E=",
			"dev": true,
			"requires": {
				"wrappy": "1"
			}
		},
		"path-is-absolute": {
			"version": "1.0.1",
			"resolved": "https://registry.npmjs.org/path-is-absolute/-/path-is-absolute-1.0.1.tgz",
			"integrity": "sha1-F0uSaHNVNP+8es5r9TpanhtcX18=",
			"dev": true
		},
		"popper.js": {
			"version": "1.16.0",
			"resolved": "https://registry.npmjs.org/popper.js/-/popper.js-1.16.0.tgz",
			"integrity": "sha512-+G+EkOPoE5S/zChTpmBSSDYmhXJ5PsW8eMhH8cP/CQHMFPBG/kC9Y5IIw6qNYgdJ+/COf0ddY2li28iHaZRSjw==",
			"dev": true
		},
		"prismjs": {
			"version": "1.17.1",
			"resolved": "https://registry.npmjs.org/prismjs/-/prismjs-1.17.1.tgz",
			"integrity": "sha512-PrEDJAFdUGbOP6xK/UsfkC5ghJsPJviKgnQOoxaDbBjwc8op68Quupwt1DeAFoG8GImPhiKXAvvsH7wDSLsu1Q==",
			"dev": true,
			"requires": {
				"clipboard": "^2.0.0"
			}
		},
		"rimraf": {
			"version": "3.0.0",
			"resolved": "https://registry.npmjs.org/rimraf/-/rimraf-3.0.0.tgz",
			"integrity": "sha512-NDGVxTsjqfunkds7CqsOiEnxln4Bo7Nddl3XhS4pXg5OzwkLqJ971ZVAAnB+DDLnF76N+VnDEiBHaVV8I06SUg==",
			"dev": true,
			"requires": {
				"glob": "^7.1.3"
			}
		},
		"select": {
			"version": "1.1.2",
			"resolved": "https://registry.npmjs.org/select/-/select-1.1.2.tgz",
			"integrity": "sha1-DnNQrN7ICxEIUoeG7B1EGNEbOW0=",
			"dev": true,
			"optional": true
		},
		"tiny-emitter": {
			"version": "2.1.0",
			"resolved": "https://registry.npmjs.org/tiny-emitter/-/tiny-emitter-2.1.0.tgz",
			"integrity": "sha512-NB6Dk1A9xgQPMoGqC5CVXn123gWyte215ONT5Pp5a0yt4nlEoO1ZWeCwpncaekPHXO60i47ihFnZPiRPjRMq4Q==",
			"dev": true,
			"optional": true
		},
		"typescript": {
			"version": "3.7.4",
			"resolved": "https://registry.npmjs.org/typescript/-/typescript-3.7.4.tgz",
			"integrity": "sha512-A25xv5XCtarLwXpcDNZzCGvW2D1S3/bACratYBx2sax8PefsFhlYmkQicKHvpYflFS8if4zne5zT5kpJ7pzuvw==",
			"dev": true
		},
		"wrappy": {
			"version": "1.0.2",
			"resolved": "https://registry.npmjs.org/wrappy/-/wrappy-1.0.2.tgz",
			"integrity": "sha1-tSQ9jz7BqjXxNkYFvA0QNuMKtp8=",
			"dev": true
		}
	}
}
